
Microsoft Visual Studio Solution File, Format Version 12.00
# Visual Studio 14
VisualStudioVersion = 14.0.25420.1
MinimumVisualStudioVersion = 10.0.40219.1
Project("{2150E333-8FDC-42A3-9474-1A3956D46DE8}") = "ProjectTemplates", "ProjectTemplates", "{8D5FFD4D-3577-4E20-B2D8-ADFAA0568015}"
EndProject
Project("{FAE04EC0-301F-11D3-BF4B-00C04F79EFBC}") = "Exrin.Template", "Exrin.Template.csproj", "{A0E764A5-F4E0-448B-96D8-703B9FF89B08}"
EndProject
Project("{2150E333-8FDC-42A3-9474-1A3956D46DE8}") = "CSharp", "CSharp", "{EE4DAE9B-00FA-4997-8A22-7EE73926F5CE}"
EndProject
Project("{FAE04EC0-301F-11D3-BF4B-00C04F79EFBC}") = "ExrinApp", "ProjectTemplates\CSharp\ExrinApp\ExrinApp.csproj", "{E598E2CD-3BB0-490E-81D4-2A5CD78994F8}"
EndProject
Project("{2150E333-8FDC-42A3-9474-1A3956D46DE8}") = "Wizards", "Wizards", "{39B18B1C-2BAD-445B-BC3A-95706FB20643}"
EndProject
Project("{FAE04EC0-301F-11D3-BF4B-00C04F79EFBC}") = "Exrin.VisualStudio.Wizard", "Wizards\Exrin.VisualStudio.Wizard\Exrin.VisualStudio.Wizard.csproj", "{4502F3E5-1CC4-4E2B-84E2-6B9B648D03FB}"
EndProject
Global
	GlobalSection(SolutionConfigurationPlatforms) = preSolution
		Debug|Any CPU = Debug|Any CPU
		Release|Any CPU = Release|Any CPU
	EndGlobalSection
	GlobalSection(ProjectConfigurationPlatforms) = postSolution
		{A0E764A5-F4E0-448B-96D8-703B9FF89B08}.Debug|Any CPU.ActiveCfg = Debug|Any CPU
		{A0E764A5-F4E0-448B-96D8-703B9FF89B08}.Debug|Any CPU.Build.0 = Debug|Any CPU
		{A0E764A5-F4E0-448B-96D8-703B9FF89B08}.Release|Any CPU.ActiveCfg = Release|Any CPU
		{A0E764A5-F4E0-448B-96D8-703B9FF89B08}.Release|Any CPU.Build.0 = Release|Any CPU
		{E598E2CD-3BB0-490E-81D4-2A5CD78994F8}.Debug|Any CPU.ActiveCfg = Debug|Any CPU
		{E598E2CD-3BB0-490E-81D4-2A5CD78994F8}.Debug|Any CPU.Build.0 = Debug|Any CPU
		{E598E2CD-3BB0-490E-81D4-2A5CD78994F8}.Release|Any CPU.ActiveCfg = Release|Any CPU
		{E598E2CD-3BB0-490E-81D4-2A5CD78994F8}.Release|Any CPU.Build.0 = Release|Any CPU
		{4502F3E5-1CC4-4E2B-84E2-6B9B648D03FB}.Debug|Any CPU.ActiveCfg = Debug|Any CPU
		{4502F3E5-1CC4-4E2B-84E2-6B9B648D03FB}.Debug|Any CPU.Build.0 = Debug|Any CPU
		{4502F3E5-1CC4-4E2B-84E2-6B9B648D03FB}.Release|Any CPU.ActiveCfg = Release|Any CPU
		{4502F3E5-1CC4-4E2B-84E2-6B9B648D03FB}.Release|Any CPU.Build.0 = Release|Any CPU
	EndGlobalSection
	GlobalSection(SolutionProperties) = preSolution
		HideSolutionNode = FALSE
	EndGlobalSection
	GlobalSection(NestedProjects) = preSolution
		{EE4DAE9B-00FA-4997-8A22-7EE73926F5CE} = {8D5FFD4D-3577-4E20-B2D8-ADFAA0568015}
		{E598E2CD-3BB0-490E-81D4-2A5CD78994F8} = {EE4DAE9B-00FA-4997-8A22-7EE73926F5CE}
		{4502F3E5-1CC4-4E2B-84E2-6B9B648D03FB} = {39B18B1C-2BAD-445B-BC3A-95706FB20643}
	EndGlobalSection
EndGlobal
